
Microsoft Visual Studio Solution File, Format Version 12.00
# Visual Studio Version 16
VisualStudioVersion = 25.0.1704.0
MinimumVisualStudioVersion = 10.0.40219.1
Project("{FAE04EC0-301F-11D3-BF4B-00C04F79EFBC}") = "graphical-artifact-comparer", "graphical-artifact-comparer\graphical-artifact-comparer.csproj", "{84C52BBC-847C-41CF-B0CF-C102EF0B0278}"
EndProject
Global
	GlobalSection(SolutionConfigurationPlatforms) = preSolution
		Debug|Any CPU = Debug|Any CPU
		Release|Any CPU = Release|Any CPU
	EndGlobalSection
	GlobalSection(ProjectConfigurationPlatforms) = postSolution
		{84C52BBC-847C-41CF-B0CF-C102EF0B0278}.Debug|Any CPU.ActiveCfg = Debug|Any CPU
		{84C52BBC-847C-41CF-B0CF-C102EF0B0278}.Debug|Any CPU.Build.0 = Debug|Any CPU
		{84C52BBC-847C-41CF-B0CF-C102EF0B0278}.Release|Any CPU.ActiveCfg = Release|Any CPU
		{84C52BBC-847C-41CF-B0CF-C102EF0B0278}.Release|Any CPU.Build.0 = Release|Any CPU
	EndGlobalSection
	GlobalSection(SolutionProperties) = preSolution
		HideSolutionNode = FALSE
	EndGlobalSection
	GlobalSection(ExtensibilityGlobals) = postSolution
		SolutionGuid = {518E2A48-D2C2-4EDF-A8FE-B77C584AD29C}
	EndGlobalSection
EndGlobal
